
Microsoft Visual Studio Solution File, Format Version 12.00
# Visual Studio Version 16
VisualStudioVersion = 16.0.29613.14
MinimumVisualStudioVersion = 10.0.40219.1
Project("{9A19103F-16F7-4668-BE54-9A1E7A4F7556}") = "UserStoreAPI", "UserStoreAPI.csproj", "{16D1AE6D-AFD8-4148-861C-C28C9EC0F098}"
EndProject
Global
	GlobalSection(SolutionConfigurationPlatforms) = preSolution
		Debug|Any CPU = Debug|Any CPU
		Release|Any CPU = Release|Any CPU
	EndGlobalSection
	GlobalSection(ProjectConfigurationPlatforms) = postSolution
		{16D1AE6D-AFD8-4148-861C-C28C9EC0F098}.Debug|Any CPU.ActiveCfg = Debug|Any CPU
		{16D1AE6D-AFD8-4148-861C-C28C9EC0F098}.Debug|Any CPU.Build.0 = Debug|Any CPU
		{16D1AE6D-AFD8-4148-861C-C28C9EC0F098}.Release|Any CPU.ActiveCfg = Release|Any CPU
		{16D1AE6D-AFD8-4148-861C-C28C9EC0F098}.Release|Any CPU.Build.0 = Release|Any CPU
	EndGlobalSection
	GlobalSection(SolutionProperties) = preSolution
		HideSolutionNode = FALSE
	EndGlobalSection
	GlobalSection(ExtensibilityGlobals) = postSolution
		SolutionGuid = {9575295E-4440-4373-B2F9-4EA4BCE6144F}
	EndGlobalSection
EndGlobal
